
Microsoft Visual Studio Solution File, Format Version 12.00
# Visual Studio Version 17
VisualStudioVersion = 17.2.32616.157
MinimumVisualStudioVersion = 10.0.40219.1
Project("{FAE04EC0-301F-11D3-BF4B-00C04F79EFBC}") = "EventHub Publisher", "EventHub Publisher\EventHub Publisher.csproj", "{A5EE6F43-DC95-4A07-A366-7D35176DCDAD}"
EndProject
Global
	GlobalSection(SolutionConfigurationPlatforms) = preSolution
		Debug|Any CPU = Debug|Any CPU
		Release|Any CPU = Release|Any CPU
	EndGlobalSection
	GlobalSection(ProjectConfigurationPlatforms) = postSolution
		{A5EE6F43-DC95-4A07-A366-7D35176DCDAD}.Debug|Any CPU.ActiveCfg = Debug|Any CPU
		{A5EE6F43-DC95-4A07-A366-7D35176DCDAD}.Debug|Any CPU.Build.0 = Debug|Any CPU
		{A5EE6F43-DC95-4A07-A366-7D35176DCDAD}.Release|Any CPU.ActiveCfg = Release|Any CPU
		{A5EE6F43-DC95-4A07-A366-7D35176DCDAD}.Release|Any CPU.Build.0 = Release|Any CPU
	EndGlobalSection
	GlobalSection(SolutionProperties) = preSolution
		HideSolutionNode = FALSE
	EndGlobalSection
	GlobalSection(ExtensibilityGlobals) = postSolution
		SolutionGuid = {F29EF4C8-0378-4832-BC43-E8D4B0B19CA4}
	EndGlobalSection
EndGlobal
